Microsoft Visual Studio Solution File, Format Version 12.00
# Visual Studio 2012
Project("{FAE04EC0-301F-11D3-BF4B-00C04F79EFBC}") = "WatchOut", "WatchOut.csproj", "{CD62A60E-6108-4C7A-B89D-F2AC79AF05B4}"
EndProject
Global
	GlobalSection(SolutionConfigurationPlatforms) = preSolution
	Debug|Any CPU = Debug|Any CPU
	ExportDebug|Any CPU = ExportDebug|Any CPU
	ExportRelease|Any CPU = ExportRelease|Any CPU
	EndGlobalSection
	GlobalSection(ProjectConfigurationPlatforms) = postSolution
		{CD62A60E-6108-4C7A-B89D-F2AC79AF05B4}.Debug|Any CPU.ActiveCfg = Debug|Any CPU
		{CD62A60E-6108-4C7A-B89D-F2AC79AF05B4}.Debug|Any CPU.Build.0 = Debug|Any CPU
		{CD62A60E-6108-4C7A-B89D-F2AC79AF05B4}.ExportDebug|Any CPU.ActiveCfg = ExportDebug|Any CPU
		{CD62A60E-6108-4C7A-B89D-F2AC79AF05B4}.ExportDebug|Any CPU.Build.0 = ExportDebug|Any CPU
		{CD62A60E-6108-4C7A-B89D-F2AC79AF05B4}.ExportRelease|Any CPU.ActiveCfg = ExportRelease|Any CPU
		{CD62A60E-6108-4C7A-B89D-F2AC79AF05B4}.ExportRelease|Any CPU.Build.0 = ExportRelease|Any CPU
	EndGlobalSection
EndGlobal
